
Microsoft Visual Studio Solution File, Format Version 12.00
# Visual Studio 2012
Project("{FAE04EC0-301F-11D3-BF4B-00C04F79EFBC}") = "threadTask", "threadTask.csproj", "{8BAEC5E6-F8EE-4A56-8425-0E837AE2F696}"
EndProject
Global
	GlobalSection(SolutionConfigurationPlatforms) = preSolution
		Debug|Any CPU = Debug|Any CPU
		Release|Any CPU = Release|Any CPU
	EndGlobalSection
	GlobalSection(ProjectConfigurationPlatforms) = postSolution
		{8BAEC5E6-F8EE-4A56-8425-0E837AE2F696}.Debug|Any CPU.ActiveCfg = Debug|Any CPU
		{8BAEC5E6-F8EE-4A56-8425-0E837AE2F696}.Debug|Any CPU.Build.0 = Debug|Any CPU
		{8BAEC5E6-F8EE-4A56-8425-0E837AE2F696}.Release|Any CPU.ActiveCfg = Release|Any CPU
		{8BAEC5E6-F8EE-4A56-8425-0E837AE2F696}.Release|Any CPU.Build.0 = Release|Any CPU
	EndGlobalSection
	GlobalSection(SolutionProperties) = preSolution
		HideSolutionNode = FALSE
	EndGlobalSection
EndGlobal
